
Microsoft Visual Studio Solution File, Format Version 12.00
# Visual Studio Version 17
VisualStudioVersion = 17.6.33723.286
MinimumVisualStudioVersion = 10.0.40219.1
Project("{FAE04EC0-301F-11D3-BF4B-00C04F79EFBC}") = "RKIS_WorkTest", "RKIS_WorkTest.csproj", "{89606029-A539-4FBC-A3D8-014E7F4D44FC}"
EndProject
Global
	GlobalSection(SolutionConfigurationPlatforms) = preSolution
		Debug|Any CPU = Debug|Any CPU
		Release|Any CPU = Release|Any CPU
	EndGlobalSection
	GlobalSection(ProjectConfigurationPlatforms) = postSolution
		{89606029-A539-4FBC-A3D8-014E7F4D44FC}.Debug|Any CPU.ActiveCfg = Debug|Any CPU
		{89606029-A539-4FBC-A3D8-014E7F4D44FC}.Debug|Any CPU.Build.0 = Debug|Any CPU
		{89606029-A539-4FBC-A3D8-014E7F4D44FC}.Release|Any CPU.ActiveCfg = Release|Any CPU
		{89606029-A539-4FBC-A3D8-014E7F4D44FC}.Release|Any CPU.Build.0 = Release|Any CPU
	EndGlobalSection
	GlobalSection(SolutionProperties) = preSolution
		HideSolutionNode = FALSE
	EndGlobalSection
	GlobalSection(ExtensibilityGlobals) = postSolution
		SolutionGuid = {8E7B8604-1EB6-49D4-905F-43D79E8062F5}
	EndGlobalSection
EndGlobal
